<?xml version="1.0" encoding="utf-8"?>
<Project ToolsVersion="4.0" xmlns="http://schemas.microsoft.com/developer/msbuild/2003">
  <ItemGroup>
    <ClCompile Include="..\..\..\src\*\*\*.cpp" />
    <ClCompile Include="..\..\..\deps\glfw\deps\glad_gl.c" />
    <ClCompile Include="..\..\..\src\*\*\*.cpp" />
    <ClCompile Include="..\..\..\src\*\*\*.cpp" />
    <ClCompile Include="..\..\..\src\*\*\*.cpp" />
    <ClCompile Include="..\..\..\src\*\*\*.cpp" />
    <ClCompile Include="..\..\..\src\*\*\*.cpp" />
    <ClCompile Include="..\..\..\src\*\*\*.cpp" />
    <ClCompile Include="..\..\..\src\*\*\*.cpp" />
    <ClCompile Include="..\..\..\src\*\*\*.cpp" />
    <ClCompile Include="..\..\..\src\*\*\*.cpp" />
    <ClCompile Include="..\..\..\src\*\*\*.cpp" />
    <ClCompile Include="..\..\..\src\*\*\*.cpp" />
    <ClCompile Include="..\..\..\src\*\*\*.cpp" />
    <ClCompile Include="..\..\..\src\*\*\*.cpp" />
    <ClCompile Include="..\..\..\src\*\*\*.cpp" />
    <ClCompile Include="..\..\..\src\*\*\*.cpp" />
    <ClCompile Include="..\..\..\src\*\*\*.cpp" />
    <ClCompile Include="..\..\..\src\*\*\*.cpp" />
    <ClCompile Include="..\..\..\src\*\*\*.cpp" />
    <ClCompile Include="..\..\..\src\*\*\*.cpp" />
    <ClCompile Include="..\..\..\src\*\*\*.cpp" />
    <ClCompile Include="..\..\..\src\*\*\*.cpp" />
    <ClCompile Include="..\..\..\src\*\*\*.cpp" />
    <ClCompile Include="..\..\..\src\*\*\*.cpp" />
    <ClCompile Include="..\..\..\src\*\*\*.cpp" />
    <ClCompile Include="..\..\..\src\*\*\*.cpp" />
    <ClCompile Include="..\..\..\src\*\*\*.cpp" />
    <ClCompile Include="..\..\..\src\*\*\*.cpp" />
    <ClCompile Include="..\..\..\src\*\*\*.cpp" />
    <ClCompile Include="..\..\..\src\*\*\*.cpp" />
    <ClCompile Include="..\..\..\src\*\*\*.cpp" />
    <ClCompile Include="..\..\..\src\*\*\*.cpp" />
    <ClCompile Include="..\..\..\src\*\*\*.cpp" />
    <ClCompile Include="..\..\..\src\*\*\*.cpp" />
    <ClCompile Include="..\..\..\src\*\*\*.cpp" />
    <ClCompile Include="..\..\..\src\*\*\*.cpp" />
    <ClCompile Include="..\..\..\src\*\*\*.cpp" />
    <ClCompile Include="..\..\..\src\*\*\*.cpp" />
    <ClCompile Include="..\..\..\src\*\*\*.cpp" />
    <ClCompile Include="..\..\..\src\*\*\*.cpp" />
    <ClCompile Include="..\..\..\src\*\*\*.cpp" />
    <ClCompile Include="..\..\..\src\*\*\*.cpp" />
    <ClCompile Include="..\..\..\src\*\*\*.cpp" />
    <ClCompile Include="..\..\..\src\*\*\*.cpp" />
    <ClCompile Include="..\..\..\src\*\*\*.cpp" />
    <ClCompile Include="..\..\..\src\*\*\*.cpp" />
    <ClCompile Include="..\..\..\src\*\*\*.cpp" />
    <ClCompile Include="..\..\..\src\*\*\*.cpp" />
    <ClCompile Include="..\..\..\src\*\*\*.cpp" />
    <ClCompile Include="..\..\..\src\*\*\*.cpp" />
    <ClCompile Include="..\..\..\src\*\*\*.cpp" />
    <ClCompile Include="..\..\..\src\*\*\*.cpp" />
    <ClCompile Include="..\..\..\src\*\*\*.cpp" />
    <ClCompile Include="..\..\..\src\*\*\*.cpp" />
    <ClCompile Include="..\..\..\src\*\*\*.cpp" />
    <ClCompile Include="..\..\..\src\*\*\*.cpp" />
    <ClCompile Include="..\..\..\src\*\*\*.cpp" />
    <ClCompile Include="..\..\..\src\*\*\*.cpp" />
    <ClCompile Include="..\..\..\src\*\*\*.cpp" />
    <ClCompile Include="..\..\..\src\*\*\*.cpp" />
    <ClCompile Include="..\..\..\src\*\*\*.cpp" />
    <ClCompile Include="..\..\..\src\*\*\*.cpp" />
    <ClCompile Include="..\..\..\src\*\*\*.cpp" />
    <ClCompile Include="..\..\..\src\*\*\*.cpp" />
    <ClCompile Include="..\..\..\src\*\*\*.cpp" />
    <ClCompile Include="..\..\..\src\*\*\*.cpp" />
    <ClCompile Include="..\..\..\src\*\*\*.cpp" />
    <ClCompile Include="..\..\..\src\*\*\*.cpp" />
    <ClCompile Include="..\..\..\src\*\*\*.cpp" />
    <ClCompile Include="..\..\..\src\*\*\*.cpp" />
    <ClCompile Include="..\..\..\src\*\*\*.cpp" />
    <ClCompile Include="..\..\..\src\*\*\*.cpp" />
    <ClCompile Include="..\..\..\src\*\*\*.cpp" />
    <ClCompile Include="..\..\..\src\*\*\*.cpp" />
    <ClCompile Include="..\..\..\src\*\*\*.cpp" />
    <ClCompile Include="..\..\..\src\*\*\*.cpp" />
    <ClCompile Include="..\..\..\src\*\*\*.cpp" />
    <ClCompile Include="..\..\..\src\*\*\*.cpp" />
    <ClCompile Include="..\..\..\src\*\*\*.cpp" />
    <ClCompile Include="..\..\..\src\*\*\*.cpp" />
    <ClCompile Include="..\..\..\src\*\*\*.cpp" />
    <ClCompile Include="..\..\..\src\*\*\*.cpp" />
    <ClCompile Include="..\..\..\src\*\*\*.cpp" />
    <ClCompile Include="..\..\..\src\*\*\*.cpp" />
    <ClCompile Include="..\..\..\src\*\*\*.cpp" />
    <ClCompile Include="..\..\..\src\*\*\*.cpp" />
    <ClCompile Include="..\..\..\src\*\*\*.cpp" />
    <ClCompile Include="..\..\..\src\*\*\*.cpp" />
    <ClCompile Include="..\..\..\src\*\*\*.cpp" />
    <ClCompile Include="..\..\..\src\*\*\*.cpp" />
    <ClCompile Include="..\..\..\src\*\*\*.cpp" />
    <ClCompile Include="..\..\..\src\*\*\*.cpp" />
    <ClCompile Include="..\..\..\src\*\*\*.cpp" />
    <ClCompile Include="..\..\..\src\*\*\*.cpp" />
    <ClCompile Include="..\..\..\src\*\*\*.cpp" />
    <ClCompile Include="..\..\..\src\*\*\*.cpp" />
    <ClCompile Include="..\..\..\src\*\*\*.cpp" />
    <ClCompile Include="..\..\..\src\*\*\*.cpp" />
    <ClCompile Include="..\..\..\src\*\*\*.cpp" />
    <ClCompile Include="..\..\..\src\*\*\*.cpp" />
    <ClCompile Include="..\..\..\src\*\*\*.cpp" />
    <ClCompile Include="..\..\..\src\*\*\*.cpp" />
    <ClCompile Include="..\..\..\src\*\*\*.cpp" />
    <ClCompile Include="..\..\..\src\*\*\*.cpp" />
    <ClCompile Include="..\..\..\src\*\*\*.cpp" />
    <ClCompile Include="..\..\..\src\*\*\*.cpp" />
    <ClCompile Include="..\..\..\src\*\*\*.cpp" />
    <ClCompile Include="..\..\..\src\*\*\*.cpp" />
    <ClCompile Include="..\..\..\src\*\*\*.cpp" />
    <ClCompile Include="..\..\..\src\*\*\*.cpp" />
    <ClCompile Include="..\..\..\src\*\*\*.cpp" />
    <ClCompile Include="..\..\..\src\*\*\*.cpp" />
    <ClCompile Include="..\..\..\src\*\*\*.cpp" />
  </ItemGroup>
  <ItemGroup>
    <ClInclude Include="..\..\..\src\*\*\*.hpp" />
    <ClInclude Include="..\..\..\include\GowEngine\*.hpp" />
    <ClInclude Include="..\..\..\src\*\*\*.hpp" />
    <ClInclude Include="..\..\..\src\*\*\*.hpp" />
    <ClInclude Include="..\..\..\src\*\*\*.hpp" />
    <ClInclude Include="..\..\..\src\*\*\*.hpp" />
    <ClInclude Include="..\..\..\src\*\*\*.hpp" />
    <ClInclude Include="..\..\..\src\*\*\*.hpp" />
    <ClInclude Include="..\..\..\src\*\*\*.hpp" />
    <ClInclude Include="..\..\..\src\*\*\*.hpp" />
    <ClInclude Include="..\..\..\src\*\*\*.hpp" />
    <ClInclude Include="..\..\..\src\*\*\*.hpp" />
    <ClInclude Include="..\..\..\src\*\*\*.hpp" />
    <ClInclude Include="..\..\..\src\*\*\*.hpp" />
    <ClInclude Include="..\..\..\src\*\*\*.hpp" />
    <ClInclude Include="..\..\..\src\*\*\*.hpp" />
    <ClInclude Include="..\..\..\src\*\*\*.hpp" />
    <ClInclude Include="..\..\..\src\*\*\*.hpp" />
    <ClInclude Include="..\..\..\src\*\*\*.hpp" />
    <ClInclude Include="..\..\..\src\*\*\*.hpp" />
    <ClInclude Include="..\..\..\src\*\*\*.hpp" />
    <ClInclude Include="..\..\..\src\*\*\*.hpp" />
    <ClInclude Include="..\..\..\src\*\*\*.hpp" />
    <ClInclude Include="..\..\..\src\*\*\*.hpp" />
    <ClInclude Include="..\..\..\src\*\*\*.hpp" />
    <ClInclude Include="..\..\..\src\*\*\*.hpp" />
    <ClInclude Include="..\..\..\src\*\*\*.hpp" />
    <ClInclude Include="..\..\..\src\*\*\*.hpp" />
    <ClInclude Include="..\..\..\src\*\*\*.hpp" />
    <ClInclude Include="..\..\..\src\*\*\*.hpp" />
    <ClInclude Include="..\..\..\src\*\*\*.hpp" />
    <ClInclude Include="..\..\..\src\*\*\*.hpp" />
    <ClInclude Include="..\..\..\src\*\*\*.hpp" />
    <ClInclude Include="..\..\..\src\*\*\*.hpp" />
    <ClInclude Include="..\..\..\src\*\*\*.hpp" />
    <ClInclude Include="..\..\..\src\*\*\*.hpp" />
    <ClInclude Include="..\..\..\src\*\*\*.hpp" />
    <ClInclude Include="..\..\..\src\*\*\*.hpp" />
    <ClInclude Include="..\..\..\src\*\*\*.hpp" />
    <ClInclude Include="..\..\..\src\*\*\*.hpp" />
    <ClInclude Include="..\..\..\src\*\*\*.hpp" />
    <ClInclude Include="..\..\..\src\*\*\*.hpp" />
    <ClInclude Include="..\..\..\src\*\*\*.hpp" />
    <ClInclude Include="..\..\..\src\*\*\*.hpp" />
    <ClInclude Include="..\..\..\src\*\*\*.hpp" />
    <ClInclude Include="..\..\..\src\*\*\*.hpp" />
    <ClInclude Include="..\..\..\src\*\*\*.hpp" />
    <ClInclude Include="..\..\..\src\*\*\*.hpp" />
    <ClInclude Include="..\..\..\src\*\*\*.hpp" />
    <ClInclude Include="..\..\..\src\*\*\*.hpp" />
    <ClInclude Include="..\..\..\src\*\*\*.hpp" />
    <ClInclude Include="..\..\..\src\*\*\*.hpp" />
    <ClInclude Include="..\..\..\src\*\*\*.hpp" />
    <ClInclude Include="..\..\..\src\*\*\*.hpp" />
    <ClInclude Include="..\..\..\src\*\*\*.hpp" />
    <ClInclude Include="..\..\..\src\*\*\*.hpp" />
    <ClInclude Include="..\..\..\src\*\*\*.hpp" />
    <ClInclude Include="..\..\..\src\*\*\*.hpp" />
    <ClInclude Include="..\..\..\src\*\*\*.hpp" />
    <ClInclude Include="..\..\..\src\*\*\*.hpp" />
    <ClInclude Include="..\..\..\src\*\*\*.hpp" />
    <ClInclude Include="..\..\..\src\*\*\*.hpp" />
    <ClInclude Include="..\..\..\src\*\*\*.hpp" />
    <ClInclude Include="..\..\..\src\*\*\*.hpp" />
    <ClInclude Include="..\..\..\src\*\*\*.hpp" />
    <ClInclude Include="..\..\..\src\*\*\*.hpp" />
    <ClInclude Include="..\..\..\src\*\*\*.hpp" />
    <ClInclude Include="..\..\..\src\*\*\*.hpp" />
    <ClInclude Include="..\..\..\src\*\*\*.hpp" />
    <ClInclude Include="..\..\..\src\*\*\*.hpp" />
    <ClInclude Include="..\..\..\src\*\*\*.hpp" />
    <ClInclude Include="..\..\..\src\*\*\*.hpp" />
    <ClInclude Include="..\..\..\src\*\*\*.hpp" />
    <ClInclude Include="..\..\..\src\*\*\*.hpp" />
    <ClInclude Include="..\..\..\src\*\*\*.hpp" />
    <ClInclude Include="..\..\..\src\*\*\*.hpp" />
    <ClInclude Include="..\..\..\src\*\*\*.hpp" />
    <ClInclude Include="..\..\..\src\*\*\*.hpp" />
    <ClInclude Include="..\..\..\src\*\*\*.hpp" />
    <ClInclude Include="..\..\..\src\*\*\*.hpp" />
    <ClInclude Include="..\..\..\src\*\*\*.hpp" />
    <ClInclude Include="..\..\..\src\*\*\*.hpp" />
    <ClInclude Include="..\..\..\src\*\*\*.hpp" />
    <ClInclude Include="..\..\..\src\*\*\*.hpp" />
    <ClInclude Include="..\..\..\src\*\*\*.hpp" />
    <ClInclude Include="..\..\..\src\*\*\*.hpp" />
    <ClInclude Include="..\..\..\src\*\*\*.hpp" />
    <ClInclude Include="..\..\..\src\*\*\*.hpp" />
    <ClInclude Include="..\..\..\src\*\*\*.hpp" />
    <ClInclude Include="..\..\..\src\*\*\*.hpp" />
    <ClInclude Include="..\..\..\src\*\*\*.hpp" />
    <ClInclude Include="..\..\..\src\*\*\*.hpp" />
    <ClInclude Include="..\..\..\src\*\*\*.hpp" />
    <ClInclude Include="..\..\..\src\*\*\*.hpp" />
    <ClInclude Include="..\..\..\src\*\*\*.hpp" />
    <ClInclude Include="..\..\..\src\*\*\*.hpp" />
    <ClInclude Include="..\..\..\src\*\*\*.hpp" />
    <ClInclude Include="..\..\..\src\*\*\*.hpp" />
    <ClInclude Include="..\..\..\src\*\*\*.hpp" />
    <ClInclude Include="..\..\..\src\*\*\*.hpp" />
    <ClInclude Include="..\..\..\src\*\*\*.hpp" />
    <ClInclude Include="..\..\..\src\*\*\*.hpp" />
    <ClInclude Include="..\..\..\src\*\*\*.hpp" />
    <ClInclude Include="..\..\..\src\*\*\*.hpp" />
    <ClInclude Include="..\..\..\src\*\*\*.hpp" />
    <ClInclude Include="..\..\..\src\*\*\*.hpp" />
    <ClInclude Include="..\..\..\src\*\*\*.hpp" />
    <ClInclude Include="..\..\..\src\*\*\*.hpp" />
    <ClInclude Include="..\..\..\src\*\*\*.hpp" />
    <ClInclude Include="..\..\..\src\*\*\*.hpp" />
    <ClInclude Include="..\..\..\src\*\*\*.hpp" />
    <ClInclude Include="..\..\..\src\*\*\*.hpp" />
    <ClInclude Include="..\..\..\src\*\*\*.hpp" />
    <ClInclude Include="..\..\..\src\*\*\*.hpp" />
    <ClInclude Include="..\..\..\src\*\*\*.hpp" />
    <ClInclude Include="..\..\..\src\*\*\*.hpp" />
    <ClInclude Include="..\..\..\src\*\*\*.hpp" />
    <ClInclude Include="..\..\..\src\*\*\*.hpp" />
    <ClInclude Include="..\..\..\src\*\*\*.hpp" />
    <ClInclude Include="..\..\..\src\*\*\*.hpp" />
    <ClInclude Include="..\..\..\src\*\*\*.hpp" />
    <ClInclude Include="..\..\..\src\*\*\*.hpp" />
    <ClInclude Include="..\..\..\src\*\*\*.hpp" />
    <ClInclude Include="..\..\..\src\*\*\*.hpp" />
    <ClInclude Include="..\..\..\src\*\*\*.hpp" />
    <ClInclude Include="..\..\..\src\*\*\*.hpp" />
    <ClInclude Include="..\..\..\src\*\*\*.hpp" />
    <ClInclude Include="..\..\..\src\*\*\*.hpp" />
    <ClInclude Include="..\..\..\src\*\*\*.hpp" />
    <ClInclude Include="..\..\..\src\*\*\*.hpp" />
    <ClInclude Include="..\..\..\src\*\*\*.hpp" />
    <ClInclude Include="..\..\..\src\*\*\*.hpp" />
    <ClInclude Include="..\..\..\src\*\*\*.hpp" />
    <ClInclude Include="..\..\..\src\*\*\*.hpp" />
    <ClInclude Include="..\..\..\src\*\*\*.hpp" />
    <ClInclude Include="..\..\..\src\*\*\*.hpp" />
    <ClInclude Include="..\..\..\src\*\*\*.hpp" />
    <ClInclude Include="..\..\..\src\*\*\*.hpp" />
    <ClInclude Include="..\..\..\src\*\*\*.hpp" />
    <ClInclude Include="..\..\..\src\*\*\*.hpp" />
    <ClInclude Include="..\..\..\src\*\*\*.hpp" />
    <ClInclude Include="..\..\..\src\*\*\*.hpp" />
    <ClInclude Include="..\..\..\src\*\*\*.hpp" />
    <ClInclude Include="..\..\..\src\*\*\*.hpp" />
    <ClInclude Include="..\..\..\src\*\*\*.hpp" />
    <ClInclude Include="..\..\..\src\*\*\*.hpp" />
    <ClInclude Include="..\..\..\src\*\*\*.hpp" />
    <ClInclude Include="..\..\..\src\*\*\*.hpp" />
    <ClInclude Include="..\..\..\src\*\*\*.hpp" />
    <ClInclude Include="..\..\..\src\*\*\*.hpp" />
    <ClInclude Include="..\..\..\src\*\*\*.hpp" />
    <ClInclude Include="..\..\..\include\GowEngine\*.hpp" />
  </ItemGroup>
</Project>